locks:
  f/permissions/charismatic_script: e1c2425d8adfa0fb8246e9bd104ef661e1a1f5cc0ccb3ccefb39242676e6d12b
  f/permissions/cute_script: d448ddee76bd5e17dd27198950078b6bb78ebe47bf796a240709a20bf01a9704
  f/permissions/fervent_script: b41b7070449a0cb1d0c9b962a76c3b58677b5cb712c6848cfe7852130867832e
  f/sync/trigger_git_sync: d83a83ea94308fa1294a00e0d73aea7fe6d41ed39472a6527f518ba51f2ee43a
  f/test/softer_script: 698d08f4cb842ca06a85e21c6e954c042bb82cfe3bdf2964c6aecba21622097c
  f/test/tops_script: 3711cc6f0bd75d79087626c57491de968a62be383be779bad0e6498ff62cc662
  f/test/willing_script: 22f68ac5d5314f4ef336ccda03074e09f3ced91004bcc6c1c40f327a84236d83
