version: v2
locks:
  f/permissions/charismatic_script+e1c2425d8adfa0fb8246e9bd104ef661e1a1f5cc0ccb3ccefb39242676e6d12b: e1c2425d8adfa0fb8246e9bd104ef661e1a1f5cc0ccb3ccefb39242676e6d12b
  f/permissions/cute_script+d448ddee76bd5e17dd27198950078b6bb78ebe47bf796a240709a20bf01a9704: d448ddee76bd5e17dd27198950078b6bb78ebe47bf796a240709a20bf01a9704
  f/permissions/fervent_script+b41b7070449a0cb1d0c9b962a76c3b58677b5cb712c6848cfe7852130867832e: b41b7070449a0cb1d0c9b962a76c3b58677b5cb712c6848cfe7852130867832e
  f/schedule/schedule_exceptionnnnnn+24b02e84737e79280c6a31943ba6346a0a34c0ec0f9a5013cba8256ed10395f5: 24b02e84737e79280c6a31943ba6346a0a34c0ec0f9a5013cba8256ed10395f5
  f/schedule/schedule_exceptionnnnnn+55204e1e5a02488187561b89416cfa2d5c2af3bd666ef6959f1ab3f79735b4ce: 55204e1e5a02488187561b89416cfa2d5c2af3bd666ef6959f1ab3f79735b4ce
  f/schedule/schedule_exceptionnnnnn+beb42ef607215da94032734fe2080c21219d979a2e2067ac78bb565173795198: beb42ef607215da94032734fe2080c21219d979a2e2067ac78bb565173795198
  f/sync/trigger_git_sync+d83a83ea94308fa1294a00e0d73aea7fe6d41ed39472a6527f518ba51f2ee43a: d83a83ea94308fa1294a00e0d73aea7fe6d41ed39472a6527f518ba51f2ee43a
  f/test/softer_script+698d08f4cb842ca06a85e21c6e954c042bb82cfe3bdf2964c6aecba21622097c: 698d08f4cb842ca06a85e21c6e954c042bb82cfe3bdf2964c6aecba21622097c
  f/test/tops_script+67a7007a290bc18c90f2ef2e011fdbb27ab67ec41c85884b38922fce0bca8e3f: 67a7007a290bc18c90f2ef2e011fdbb27ab67ec41c85884b38922fce0bca8e3f
  f/test/willing_script+22f68ac5d5314f4ef336ccda03074e09f3ced91004bcc6c1c40f327a84236d83: 22f68ac5d5314f4ef336ccda03074e09f3ced91004bcc6c1c40f327a84236d83
  f/test2/agag/test1+085d410f8789424506c35147b610bd6f3ca60e071df01c3d922242b2c86a1e60: 085d410f8789424506c35147b610bd6f3ca60e071df01c3d922242b2c86a1e60
  f/test44/better_than_expected_script+153e626c7a20c8af9892a11e10a630abe2f1a2e790440a40437823a77a26eb1c: 153e626c7a20c8af9892a11e10a630abe2f1a2e790440a40437823a77a26eb1c
  f/test44/charismatic_script+f3ed213f7efc22aa977a0dbaac901626c98380ab8f9a90a2bad3577c97852266: f3ed213f7efc22aa977a0dbaac901626c98380ab8f9a90a2bad3577c97852266
  f/test44/concise_script+6a9f628643fc20f66930077b695325480b3b0b9ae698849b75f8776c5fddb5df: 6a9f628643fc20f66930077b695325480b3b0b9ae698849b75f8776c5fddb5df
  f/test44/fine_looking_script+3d319a547b31c05a92b81600b3a4d7b3dbaaf623c98d28a2b513445b62735410: 3d319a547b31c05a92b81600b3a4d7b3dbaaf623c98d28a2b513445b62735410
  f/test44/motivated_script+d4b68bb909bc648ef0f49d349612ff676eee649510b4601c13e30801d7b93aff: d4b68bb909bc648ef0f49d349612ff676eee649510b4601c13e30801d7b93aff
  f/test44/posh_script+d50819deb2dfe28d3c6afb9f2d9e40e344df89c1a70f6c76de2717f66ecfb581: d50819deb2dfe28d3c6afb9f2d9e40e344df89c1a70f6c76de2717f66ecfb581
  f/test44/terrific_script+1d54b915febb09ac76e5d15aa06d30f1feb0616385f3bb479b8da0d4bfc228b2: 1d54b915febb09ac76e5d15aa06d30f1feb0616385f3bb479b8da0d4bfc228b2
  f/test44/useable_script+737203cff0b79b0cfd3b039c43afc8cc9ad0145afbc9e2608ff08c1c6a7724a3: 737203cff0b79b0cfd3b039c43afc8cc9ad0145afbc9e2608ff08c1c6a7724a3
